
Microsoft Visual Studio Solution File, Format Version 12.00
# Visual Studio Version 16
VisualStudioVersion = 16.0.28803.452
MinimumVisualStudioVersion = 10.0.40219.1
Project("{9A19103F-16F7-4668-BE54-9A1E7A4F7556}") = "ReaLearn_Core", "ReaLearn_Core\ReaLearn_Core.csproj", "{519ABDFC-0CC7-41DF-AA94-948636425725}"
EndProject
Project("{FAE04EC0-301F-11D3-BF4B-00C04F79EFBC}") = "ReaLearn_XUnitTest", "ReaLearn_XUnitTest\ReaLearn_XUnitTest.csproj", "{C8ACCD96-DE56-4B2A-8096-D861E8DEC8C7}"
EndProject
Global
	GlobalSection(SolutionConfigurationPlatforms) = preSolution
		Debug|Any CPU = Debug|Any CPU
		Release|Any CPU = Release|Any CPU
	EndGlobalSection
	GlobalSection(ProjectConfigurationPlatforms) = postSolution
		{519ABDFC-0CC7-41DF-AA94-948636425725}.Debug|Any CPU.ActiveCfg = Debug|Any CPU
		{519ABDFC-0CC7-41DF-AA94-948636425725}.Debug|Any CPU.Build.0 = Debug|Any CPU
		{519ABDFC-0CC7-41DF-AA94-948636425725}.Release|Any CPU.ActiveCfg = Release|Any CPU
		{519ABDFC-0CC7-41DF-AA94-948636425725}.Release|Any CPU.Build.0 = Release|Any CPU
		{C8ACCD96-DE56-4B2A-8096-D861E8DEC8C7}.Debug|Any CPU.ActiveCfg = Debug|Any CPU
		{C8ACCD96-DE56-4B2A-8096-D861E8DEC8C7}.Debug|Any CPU.Build.0 = Debug|Any CPU
		{C8ACCD96-DE56-4B2A-8096-D861E8DEC8C7}.Release|Any CPU.ActiveCfg = Release|Any CPU
		{C8ACCD96-DE56-4B2A-8096-D861E8DEC8C7}.Release|Any CPU.Build.0 = Release|Any CPU
	EndGlobalSection
	GlobalSection(SolutionProperties) = preSolution
		HideSolutionNode = FALSE
	EndGlobalSection
	GlobalSection(ExtensibilityGlobals) = postSolution
		SolutionGuid = {6194273A-4CB6-4A77-8B8D-8C34BB87DF37}
	EndGlobalSection
EndGlobal
